
Microsoft Visual Studio Solution File, Format Version 12.00
# Visual Studio Version 16
VisualStudioVersion = 16.0.30503.244
MinimumVisualStudioVersion = 10.0.40219.1
Project("{FAE04EC0-301F-11D3-BF4B-00C04F79EFBC}") = "test", "test.csproj", "{9AEAE01F-B755-46E2-AAE9-9C4BAFDAEBDC}"
EndProject
Global
	GlobalSection(SolutionConfigurationPlatforms) = preSolution
		Debug|Any CPU = Debug|Any CPU
		Release|Any CPU = Release|Any CPU
	EndGlobalSection
	GlobalSection(ProjectConfigurationPlatforms) = postSolution
		{9AEAE01F-B755-46E2-AAE9-9C4BAFDAEBDC}.Debug|Any CPU.ActiveCfg = Debug|Any CPU
		{9AEAE01F-B755-46E2-AAE9-9C4BAFDAEBDC}.Debug|Any CPU.Build.0 = Debug|Any CPU
		{9AEAE01F-B755-46E2-AAE9-9C4BAFDAEBDC}.Release|Any CPU.ActiveCfg = Release|Any CPU
		{9AEAE01F-B755-46E2-AAE9-9C4BAFDAEBDC}.Release|Any CPU.Build.0 = Release|Any CPU
	EndGlobalSection
	GlobalSection(SolutionProperties) = preSolution
		HideSolutionNode = FALSE
	EndGlobalSection
	GlobalSection(ExtensibilityGlobals) = postSolution
		SolutionGuid = {D66DC26B-91BA-43AB-878E-5C8CD5E27592}
	EndGlobalSection
EndGlobal
